
Microsoft Visual Studio Solution File, Format Version 12.00
# Visual Studio Version 16
VisualStudioVersion = 16.0.29911.84
MinimumVisualStudioVersion = 10.0.40219.1
Project("{FAE04EC0-301F-11D3-BF4B-00C04F79EFBC}") = "Methods-Part-16", "Methods-Part-16\Methods-Part-16.csproj", "{1AB003A1-6311-48EE-80EA-54DF72C9614A}"
EndProject
Global
	GlobalSection(SolutionConfigurationPlatforms) = preSolution
		Debug|Any CPU = Debug|Any CPU
		Release|Any CPU = Release|Any CPU
	EndGlobalSection
	GlobalSection(ProjectConfigurationPlatforms) = postSolution
		{1AB003A1-6311-48EE-80EA-54DF72C9614A}.Debug|Any CPU.ActiveCfg = Debug|Any CPU
		{1AB003A1-6311-48EE-80EA-54DF72C9614A}.Debug|Any CPU.Build.0 = Debug|Any CPU
		{1AB003A1-6311-48EE-80EA-54DF72C9614A}.Release|Any CPU.ActiveCfg = Release|Any CPU
		{1AB003A1-6311-48EE-80EA-54DF72C9614A}.Release|Any CPU.Build.0 = Release|Any CPU
	EndGlobalSection
	GlobalSection(SolutionProperties) = preSolution
		HideSolutionNode = FALSE
	EndGlobalSection
	GlobalSection(ExtensibilityGlobals) = postSolution
		SolutionGuid = {7A708BA4-9D0A-41B1-BAC7-4B1EF5D8CEDF}
	EndGlobalSection
EndGlobal
