
Microsoft Visual Studio Solution File, Format Version 12.00
# Visual Studio Version 16
VisualStudioVersion = 16.0.29911.84
MinimumVisualStudioVersion = 10.0.40219.1
Project("{FAE04EC0-301F-11D3-BF4B-00C04F79EFBC}") = "String_Type_in_Csharp-Part4", "String_Type_in_Csharp-Part4\String_Type_in_Csharp-Part4.csproj", "{163D4186-1950-4828-B77D-C1898538A124}"
EndProject
Global
	GlobalSection(SolutionConfigurationPlatforms) = preSolution
		Debug|Any CPU = Debug|Any CPU
		Release|Any CPU = Release|Any CPU
	EndGlobalSection
	GlobalSection(ProjectConfigurationPlatforms) = postSolution
		{163D4186-1950-4828-B77D-C1898538A124}.Debug|Any CPU.ActiveCfg = Debug|Any CPU
		{163D4186-1950-4828-B77D-C1898538A124}.Debug|Any CPU.Build.0 = Debug|Any CPU
		{163D4186-1950-4828-B77D-C1898538A124}.Release|Any CPU.ActiveCfg = Release|Any CPU
		{163D4186-1950-4828-B77D-C1898538A124}.Release|Any CPU.Build.0 = Release|Any CPU
	EndGlobalSection
	GlobalSection(SolutionProperties) = preSolution
		HideSolutionNode = FALSE
	EndGlobalSection
	GlobalSection(ExtensibilityGlobals) = postSolution
		SolutionGuid = {5199FB05-2C59-4142-A348-1C82882EE830}
	EndGlobalSection
EndGlobal
