
Microsoft Visual Studio Solution File, Format Version 12.00
# Visual Studio Version 16
VisualStudioVersion = 16.0.29911.84
MinimumVisualStudioVersion = 10.0.40219.1
Project("{FAE04EC0-301F-11D3-BF4B-00C04F79EFBC}") = "Comments_in_Csharp_Part-9", "Comments_in_Csharp_Part-9\Comments_in_Csharp_Part-9.csproj", "{11762562-6067-4C1F-93E9-43DD338ED454}"
EndProject
Global
	GlobalSection(SolutionConfigurationPlatforms) = preSolution
		Debug|Any CPU = Debug|Any CPU
		Release|Any CPU = Release|Any CPU
	EndGlobalSection
	GlobalSection(ProjectConfigurationPlatforms) = postSolution
		{11762562-6067-4C1F-93E9-43DD338ED454}.Debug|Any CPU.ActiveCfg = Debug|Any CPU
		{11762562-6067-4C1F-93E9-43DD338ED454}.Debug|Any CPU.Build.0 = Debug|Any CPU
		{11762562-6067-4C1F-93E9-43DD338ED454}.Release|Any CPU.ActiveCfg = Release|Any CPU
		{11762562-6067-4C1F-93E9-43DD338ED454}.Release|Any CPU.Build.0 = Release|Any CPU
	EndGlobalSection
	GlobalSection(SolutionProperties) = preSolution
		HideSolutionNode = FALSE
	EndGlobalSection
	GlobalSection(ExtensibilityGlobals) = postSolution
		SolutionGuid = {40E23B88-06BB-4CFD-814F-9C5E5142F4F1}
	EndGlobalSection
EndGlobal
