
Microsoft Visual Studio Solution File, Format Version 12.00
# Visual Studio Version 16
VisualStudioVersion = 16.0.29911.84
MinimumVisualStudioVersion = 10.0.40219.1
Project("{FAE04EC0-301F-11D3-BF4B-00C04F79EFBC}") = "If_Statement_Part-10", "If_Statement_Part-10\If_Statement_Part-10.csproj", "{575CD8E2-840F-4BD1-AFEE-41EC78D5FEF5}"
EndProject
Global
	GlobalSection(SolutionConfigurationPlatforms) = preSolution
		Debug|Any CPU = Debug|Any CPU
		Release|Any CPU = Release|Any CPU
	EndGlobalSection
	GlobalSection(ProjectConfigurationPlatforms) = postSolution
		{575CD8E2-840F-4BD1-AFEE-41EC78D5FEF5}.Debug|Any CPU.ActiveCfg = Debug|Any CPU
		{575CD8E2-840F-4BD1-AFEE-41EC78D5FEF5}.Debug|Any CPU.Build.0 = Debug|Any CPU
		{575CD8E2-840F-4BD1-AFEE-41EC78D5FEF5}.Release|Any CPU.ActiveCfg = Release|Any CPU
		{575CD8E2-840F-4BD1-AFEE-41EC78D5FEF5}.Release|Any CPU.Build.0 = Release|Any CPU
	EndGlobalSection
	GlobalSection(SolutionProperties) = preSolution
		HideSolutionNode = FALSE
	EndGlobalSection
	GlobalSection(ExtensibilityGlobals) = postSolution
		SolutionGuid = {AF3DC852-368A-4CB8-9C7D-DD47EE406BF6}
	EndGlobalSection
EndGlobal
