
Microsoft Visual Studio Solution File, Format Version 12.00
# Visual Studio Version 16
VisualStudioVersion = 16.0.29911.84
MinimumVisualStudioVersion = 10.0.40219.1
Project("{FAE04EC0-301F-11D3-BF4B-00C04F79EFBC}") = "Properties_in_Csharp_Par-27", "Properties_in_Csharp_Par-27\Properties_in_Csharp_Par-27.csproj", "{8C00D4D6-8B31-46B0-AFAD-262AA9B88183}"
EndProject
Global
	GlobalSection(SolutionConfigurationPlatforms) = preSolution
		Debug|Any CPU = Debug|Any CPU
		Release|Any CPU = Release|Any CPU
	EndGlobalSection
	GlobalSection(ProjectConfigurationPlatforms) = postSolution
		{8C00D4D6-8B31-46B0-AFAD-262AA9B88183}.Debug|Any CPU.ActiveCfg = Debug|Any CPU
		{8C00D4D6-8B31-46B0-AFAD-262AA9B88183}.Debug|Any CPU.Build.0 = Debug|Any CPU
		{8C00D4D6-8B31-46B0-AFAD-262AA9B88183}.Release|Any CPU.ActiveCfg = Release|Any CPU
		{8C00D4D6-8B31-46B0-AFAD-262AA9B88183}.Release|Any CPU.Build.0 = Release|Any CPU
	EndGlobalSection
	GlobalSection(SolutionProperties) = preSolution
		HideSolutionNode = FALSE
	EndGlobalSection
	GlobalSection(ExtensibilityGlobals) = postSolution
		SolutionGuid = {7AFE3882-81E2-4E82-9500-636EE38584B7}
	EndGlobalSection
EndGlobal
