
Microsoft Visual Studio Solution File, Format Version 12.00
# Visual Studio Version 16
VisualStudioVersion = 16.0.29911.84
MinimumVisualStudioVersion = 10.0.40219.1
Project("{FAE04EC0-301F-11D3-BF4B-00C04F79EFBC}") = "Static_Instance_Class_Part-20", "Static_Instance_Class_Part-20\Static_Instance_Class_Part-20.csproj", "{EEC5691A-5087-43CE-9499-842CF0C3FE09}"
EndProject
Global
	GlobalSection(SolutionConfigurationPlatforms) = preSolution
		Debug|Any CPU = Debug|Any CPU
		Release|Any CPU = Release|Any CPU
	EndGlobalSection
	GlobalSection(ProjectConfigurationPlatforms) = postSolution
		{EEC5691A-5087-43CE-9499-842CF0C3FE09}.Debug|Any CPU.ActiveCfg = Debug|Any CPU
		{EEC5691A-5087-43CE-9499-842CF0C3FE09}.Debug|Any CPU.Build.0 = Debug|Any CPU
		{EEC5691A-5087-43CE-9499-842CF0C3FE09}.Release|Any CPU.ActiveCfg = Release|Any CPU
		{EEC5691A-5087-43CE-9499-842CF0C3FE09}.Release|Any CPU.Build.0 = Release|Any CPU
	EndGlobalSection
	GlobalSection(SolutionProperties) = preSolution
		HideSolutionNode = FALSE
	EndGlobalSection
	GlobalSection(ExtensibilityGlobals) = postSolution
		SolutionGuid = {F76F474E-2DC2-4458-9D5B-F599488DB3F9}
	EndGlobalSection
EndGlobal
