
Microsoft Visual Studio Solution File, Format Version 12.00
# Visual Studio Version 16
VisualStudioVersion = 16.0.29911.84
MinimumVisualStudioVersion = 10.0.40219.1
Project("{FAE04EC0-301F-11D3-BF4B-00C04F79EFBC}") = "WhileLoop_Part-13", "WhileLoop_Part-13\WhileLoop_Part-13.csproj", "{9390F475-90F3-4DA3-B358-181C7154AC74}"
EndProject
Global
	GlobalSection(SolutionConfigurationPlatforms) = preSolution
		Debug|Any CPU = Debug|Any CPU
		Release|Any CPU = Release|Any CPU
	EndGlobalSection
	GlobalSection(ProjectConfigurationPlatforms) = postSolution
		{9390F475-90F3-4DA3-B358-181C7154AC74}.Debug|Any CPU.ActiveCfg = Debug|Any CPU
		{9390F475-90F3-4DA3-B358-181C7154AC74}.Debug|Any CPU.Build.0 = Debug|Any CPU
		{9390F475-90F3-4DA3-B358-181C7154AC74}.Release|Any CPU.ActiveCfg = Release|Any CPU
		{9390F475-90F3-4DA3-B358-181C7154AC74}.Release|Any CPU.Build.0 = Release|Any CPU
	EndGlobalSection
	GlobalSection(SolutionProperties) = preSolution
		HideSolutionNode = FALSE
	EndGlobalSection
	GlobalSection(ExtensibilityGlobals) = postSolution
		SolutionGuid = {25BE9DE7-846E-440D-A5C6-98FC677235D7}
	EndGlobalSection
EndGlobal
