
Microsoft Visual Studio Solution File, Format Version 12.00
# Visual Studio Version 16
VisualStudioVersion = 16.0.29911.84
MinimumVisualStudioVersion = 10.0.40219.1
Project("{FAE04EC0-301F-11D3-BF4B-00C04F79EFBC}") = "IntroductionToClass_Part-19", "IntroductionToClass_Part-19\IntroductionToClass_Part-19.csproj", "{B2ACD15F-A131-4DF9-AD18-19F97DFBFBF3}"
EndProject
Global
	GlobalSection(SolutionConfigurationPlatforms) = preSolution
		Debug|Any CPU = Debug|Any CPU
		Release|Any CPU = Release|Any CPU
	EndGlobalSection
	GlobalSection(ProjectConfigurationPlatforms) = postSolution
		{B2ACD15F-A131-4DF9-AD18-19F97DFBFBF3}.Debug|Any CPU.ActiveCfg = Debug|Any CPU
		{B2ACD15F-A131-4DF9-AD18-19F97DFBFBF3}.Debug|Any CPU.Build.0 = Debug|Any CPU
		{B2ACD15F-A131-4DF9-AD18-19F97DFBFBF3}.Release|Any CPU.ActiveCfg = Release|Any CPU
		{B2ACD15F-A131-4DF9-AD18-19F97DFBFBF3}.Release|Any CPU.Build.0 = Release|Any CPU
	EndGlobalSection
	GlobalSection(SolutionProperties) = preSolution
		HideSolutionNode = FALSE
	EndGlobalSection
	GlobalSection(ExtensibilityGlobals) = postSolution
		SolutionGuid = {A83C282D-6774-4A4A-B696-1151287DBA38}
	EndGlobalSection
EndGlobal
