
Microsoft Visual Studio Solution File, Format Version 12.00
# Visual Studio Version 16
VisualStudioVersion = 16.0.29911.84
MinimumVisualStudioVersion = 10.0.40219.1
Project("{FAE04EC0-301F-11D3-BF4B-00C04F79EFBC}") = "Arrays_in_Csharp_Part-8", "Arrays_in_Csharp_Part-8\Arrays_in_Csharp_Part-8.csproj", "{5B25C200-6FA6-4E81-B56D-C450567BEAC6}"
EndProject
Global
	GlobalSection(SolutionConfigurationPlatforms) = preSolution
		Debug|Any CPU = Debug|Any CPU
		Release|Any CPU = Release|Any CPU
	EndGlobalSection
	GlobalSection(ProjectConfigurationPlatforms) = postSolution
		{5B25C200-6FA6-4E81-B56D-C450567BEAC6}.Debug|Any CPU.ActiveCfg = Debug|Any CPU
		{5B25C200-6FA6-4E81-B56D-C450567BEAC6}.Debug|Any CPU.Build.0 = Debug|Any CPU
		{5B25C200-6FA6-4E81-B56D-C450567BEAC6}.Release|Any CPU.ActiveCfg = Release|Any CPU
		{5B25C200-6FA6-4E81-B56D-C450567BEAC6}.Release|Any CPU.Build.0 = Release|Any CPU
	EndGlobalSection
	GlobalSection(SolutionProperties) = preSolution
		HideSolutionNode = FALSE
	EndGlobalSection
	GlobalSection(ExtensibilityGlobals) = postSolution
		SolutionGuid = {39470DA0-A31E-4F2E-BE64-848F1AF347CB}
	EndGlobalSection
EndGlobal
