
Microsoft Visual Studio Solution File, Format Version 12.00
# Visual Studio Version 16
VisualStudioVersion = 16.0.29911.84
MinimumVisualStudioVersion = 10.0.40219.1
Project("{FAE04EC0-301F-11D3-BF4B-00C04F79EFBC}") = "SwitchStatement-Part-12", "SwitchStatement-Part-12\SwitchStatement-Part-12.csproj", "{FCFD2FA4-ACA4-415A-8858-74EA8013E740}"
EndProject
Global
	GlobalSection(SolutionConfigurationPlatforms) = preSolution
		Debug|Any CPU = Debug|Any CPU
		Release|Any CPU = Release|Any CPU
	EndGlobalSection
	GlobalSection(ProjectConfigurationPlatforms) = postSolution
		{FCFD2FA4-ACA4-415A-8858-74EA8013E740}.Debug|Any CPU.ActiveCfg = Debug|Any CPU
		{FCFD2FA4-ACA4-415A-8858-74EA8013E740}.Debug|Any CPU.Build.0 = Debug|Any CPU
		{FCFD2FA4-ACA4-415A-8858-74EA8013E740}.Release|Any CPU.ActiveCfg = Release|Any CPU
		{FCFD2FA4-ACA4-415A-8858-74EA8013E740}.Release|Any CPU.Build.0 = Release|Any CPU
	EndGlobalSection
	GlobalSection(SolutionProperties) = preSolution
		HideSolutionNode = FALSE
	EndGlobalSection
	GlobalSection(ExtensibilityGlobals) = postSolution
		SolutionGuid = {B56C8C36-CC73-41EC-959A-1DDAE2C5C3B5}
	EndGlobalSection
EndGlobal
