
Microsoft Visual Studio Solution File, Format Version 12.00
# Visual Studio Version 16
VisualStudioVersion = 16.0.29911.84
MinimumVisualStudioVersion = 10.0.40219.1
Project("{FAE04EC0-301F-11D3-BF4B-00C04F79EFBC}") = "SwitchStatement_Part-11", "SwitchStatement_Part-11\SwitchStatement_Part-11.csproj", "{75C7CFFD-C114-465F-A2ED-1016945AC5FB}"
EndProject
Global
	GlobalSection(SolutionConfigurationPlatforms) = preSolution
		Debug|Any CPU = Debug|Any CPU
		Release|Any CPU = Release|Any CPU
	EndGlobalSection
	GlobalSection(ProjectConfigurationPlatforms) = postSolution
		{75C7CFFD-C114-465F-A2ED-1016945AC5FB}.Debug|Any CPU.ActiveCfg = Debug|Any CPU
		{75C7CFFD-C114-465F-A2ED-1016945AC5FB}.Debug|Any CPU.Build.0 = Debug|Any CPU
		{75C7CFFD-C114-465F-A2ED-1016945AC5FB}.Release|Any CPU.ActiveCfg = Release|Any CPU
		{75C7CFFD-C114-465F-A2ED-1016945AC5FB}.Release|Any CPU.Build.0 = Release|Any CPU
	EndGlobalSection
	GlobalSection(SolutionProperties) = preSolution
		HideSolutionNode = FALSE
	EndGlobalSection
	GlobalSection(ExtensibilityGlobals) = postSolution
		SolutionGuid = {92AC254C-7F0F-467B-9ECD-8B2A783A0940}
	EndGlobalSection
EndGlobal
