
Microsoft Visual Studio Solution File, Format Version 12.00
# Visual Studio Version 16
VisualStudioVersion = 16.0.29911.84
MinimumVisualStudioVersion = 10.0.40219.1
Project("{FAE04EC0-301F-11D3-BF4B-00C04F79EFBC}") = "Built_in_Types_Part-3", "Built_in_Types_Part-3\Built_in_Types_Part-3.csproj", "{80E1E976-97BA-4B3E-8ABC-966CCD2AD81D}"
EndProject
Global
	GlobalSection(SolutionConfigurationPlatforms) = preSolution
		Debug|Any CPU = Debug|Any CPU
		Release|Any CPU = Release|Any CPU
	EndGlobalSection
	GlobalSection(ProjectConfigurationPlatforms) = postSolution
		{80E1E976-97BA-4B3E-8ABC-966CCD2AD81D}.Debug|Any CPU.ActiveCfg = Debug|Any CPU
		{80E1E976-97BA-4B3E-8ABC-966CCD2AD81D}.Debug|Any CPU.Build.0 = Debug|Any CPU
		{80E1E976-97BA-4B3E-8ABC-966CCD2AD81D}.Release|Any CPU.ActiveCfg = Release|Any CPU
		{80E1E976-97BA-4B3E-8ABC-966CCD2AD81D}.Release|Any CPU.Build.0 = Release|Any CPU
	EndGlobalSection
	GlobalSection(SolutionProperties) = preSolution
		HideSolutionNode = FALSE
	EndGlobalSection
	GlobalSection(ExtensibilityGlobals) = postSolution
		SolutionGuid = {27E386CB-4D5F-411A-9A61-4D2AE403F648}
	EndGlobalSection
EndGlobal
